{
    "name": "tauri-client",
    "version": "0.2.2",
    "lockfileVersion": 2,
    "requires": true,
    "packages": {
        "": {
            "name": "tauri-client",
            "version": "0.2.2",
            "license": "MIT",
            "dependencies": {
                "@tauri-apps/cli": "^1.0.0-rc.2"
            }
        },
        "node_modules/@tauri-apps/cli": {
            "version": "1.0.0-rc.2",
            "resolved": "https://registry.npmjs.org/@tauri-apps/cli/-/cli-1.0.0-rc.2.tgz",
            "integrity": "sha512-hzcXOPTxsOCpauNingVaJz5MrID7r/KnzZTIzAx7gcnwQfyMzLtjj9aXGlPGdPHfqHzEGA3kXATX5QLJhBuvtg==",
            "bin": {
                "tauri": "tauri.js"
            },
            "engines": {
                "node": ">= 10"
            },
            "funding": {
                "type": "opencollective",
                "url": "https://opencollective.com/tauri"
            },
            "optionalDependencies": {
                "@tauri-apps/cli-darwin-arm64": "1.0.0-rc.2",
                "@tauri-apps/cli-darwin-x64": "1.0.0-rc.2",
                "@tauri-apps/cli-linux-arm-gnueabihf": "1.0.0-rc.2",
                "@tauri-apps/cli-linux-arm64-gnu": "1.0.0-rc.2",
                "@tauri-apps/cli-linux-arm64-musl": "1.0.0-rc.2",
                "@tauri-apps/cli-linux-x64-gnu": "1.0.0-rc.2",
                "@tauri-apps/cli-linux-x64-musl": "1.0.0-rc.2",
                "@tauri-apps/cli-win32-x64-msvc": "1.0.0-rc.2"
            }
        },
        "node_modules/@tauri-apps/cli-darwin-arm64": {
            "version": "1.0.0-rc.2",
            "resolved": "https://registry.npmjs.org/@tauri-apps/cli-darwin-arm64/-/cli-darwin-arm64-1.0.0-rc.2.tgz",
            "integrity": "sha512-89uj/ZWSttVTjaBgo+SQ2befBvuln6iwgLpntRiKdIEid7WgCc7rVnhhB/QOD/8thkEC/O0VMmEFfBBT4oZytQ==",
            "cpu": [
                "arm64"
            ],
            "optional": true,
            "os": [
                "darwin"
            ],
            "engines": {
                "node": ">= 10"
            }
        },
        "node_modules/@tauri-apps/cli-darwin-x64": {
            "version": "1.0.0-rc.2",
            "resolved": "https://registry.npmjs.org/@tauri-apps/cli-darwin-x64/-/cli-darwin-x64-1.0.0-rc.2.tgz",
            "integrity": "sha512-hlhFE10uKz8OSXmdNKlKr8aEvp395BKgdjVJCQOHqvPqDkNyx52oDytANrzyKfXFFkGiNSPpnN1HYz3KViccrg==",
            "cpu": [
                "x64"
            ],
            "optional": true,
            "os": [
                "darwin"
            ],
            "engines": {
                "node": ">= 10"
            }
        },
        "node_modules/@tauri-apps/cli-linux-arm-gnueabihf": {
            "version": "1.0.0-rc.2",
            "resolved": "https://registry.npmjs.org/@tauri-apps/cli-linux-arm-gnueabihf/-/cli-linux-arm-gnueabihf-1.0.0-rc.2.tgz",
            "integrity": "sha512-Vfnn5l42GRtxkqKzdVOsrjINyhxF7Q+iBBlBE+ksk3m8GkyW8/9r4Mf6QU37VQ0NDG0JThRA7JWNVKWmYuwZpQ==",
            "cpu": [
                "arm"
            ],
            "optional": true,
            "os": [
                "linux"
            ],
            "engines": {
                "node": ">= 10"
            }
        },
        "node_modules/@tauri-apps/cli-linux-arm64-gnu": {
            "version": "1.0.0-rc.2",
            "resolved": "https://registry.npmjs.org/@tauri-apps/cli-linux-arm64-gnu/-/cli-linux-arm64-gnu-1.0.0-rc.2.tgz",
            "integrity": "sha512-B3mvWr9BQPxJwIyIOgdeh5YOZv6qxEasSQ4uiFzQk3PkcC2YrvkArcWXeL3bFVREjrvBK1jqJSv0ldnQazMAXQ==",
            "cpu": [
                "arm64"
            ],
            "optional": true,
            "os": [
                "linux"
            ],
            "engines": {
                "node": ">= 10"
            }
        },
        "node_modules/@tauri-apps/cli-linux-arm64-musl": {
            "version": "1.0.0-rc.2",
            "resolved": "https://registry.npmjs.org/@tauri-apps/cli-linux-arm64-musl/-/cli-linux-arm64-musl-1.0.0-rc.2.tgz",
            "integrity": "sha512-L3O3XCobptHgIxTn+xVt42pyoLkQp8VRmopMe3TTo02lstTAtnqrkx3vp8ylwwpu/lgn9kCdFqCcnWBrqbRELA==",
            "cpu": [
                "arm64"
            ],
            "optional": true,
            "os": [
                "linux"
            ],
            "engines": {
                "node": ">= 10"
            }
        },
        "node_modules/@tauri-apps/cli-linux-x64-gnu": {
            "version": "1.0.0-rc.2",
            "resolved": "https://registry.npmjs.org/@tauri-apps/cli-linux-x64-gnu/-/cli-linux-x64-gnu-1.0.0-rc.2.tgz",
            "integrity": "sha512-M+nXuPimdLFXs+AE3yoF8C2lAkS+5i3JrABonFDsYg1ud81fJ/iRUks/FuOCrh0bmWPgsqCn1if3YzlcOqz7kw==",
            "cpu": [
                "x64"
            ],
            "optional": true,
            "os": [
                "linux"
            ],
            "engines": {
                "node": ">= 10"
            }
        },
        "node_modules/@tauri-apps/cli-linux-x64-musl": {
            "version": "1.0.0-rc.2",
            "resolved": "https://registry.npmjs.org/@tauri-apps/cli-linux-x64-musl/-/cli-linux-x64-musl-1.0.0-rc.2.tgz",
            "integrity": "sha512-4cl2vaYiJhsNLEOAVLTeNEQLuJMxFydN1mtec9pQ2pkB7W3UCG0+xHe4GbX0JEK7Tl4EMxzuSLRAq8F9miNPXA==",
            "cpu": [
                "x64"
            ],
            "optional": true,
            "os": [
                "linux"
            ],
            "engines": {
                "node": ">= 10"
            }
        },
        "node_modules/@tauri-apps/cli-win32-x64-msvc": {
            "version": "1.0.0-rc.2",
            "resolved": "https://registry.npmjs.org/@tauri-apps/cli-win32-x64-msvc/-/cli-win32-x64-msvc-1.0.0-rc.2.tgz",
            "integrity": "sha512-CWEe3x63DZwyipiYi5TsHFkjRsasuE/4dQgHSKGpURztQLQ3Ap6tcVaT74s9HRKuMUDO67d6d6ieFMNFjae6HQ==",
            "cpu": [
                "x64"
            ],
            "optional": true,
            "os": [
                "win32"
            ],
            "engines": {
                "node": ">= 10"
            }
        }
    },
    "dependencies": {
        "@tauri-apps/cli": {
            "version": "1.0.0-rc.2",
            "resolved": "https://registry.npmjs.org/@tauri-apps/cli/-/cli-1.0.0-rc.2.tgz",
            "integrity": "sha512-hzcXOPTxsOCpauNingVaJz5MrID7r/KnzZTIzAx7gcnwQfyMzLtjj9aXGlPGdPHfqHzEGA3kXATX5QLJhBuvtg==",
            "requires": {
                "@tauri-apps/cli-darwin-arm64": "1.0.0-rc.2",
                "@tauri-apps/cli-darwin-x64": "1.0.0-rc.2",
                "@tauri-apps/cli-linux-arm-gnueabihf": "1.0.0-rc.2",
                "@tauri-apps/cli-linux-arm64-gnu": "1.0.0-rc.2",
                "@tauri-apps/cli-linux-arm64-musl": "1.0.0-rc.2",
                "@tauri-apps/cli-linux-x64-gnu": "1.0.0-rc.2",
                "@tauri-apps/cli-linux-x64-musl": "1.0.0-rc.2",
                "@tauri-apps/cli-win32-x64-msvc": "1.0.0-rc.2"
            }
        },
        "@tauri-apps/cli-darwin-arm64": {
            "version": "1.0.0-rc.2",
            "resolved": "https://registry.npmjs.org/@tauri-apps/cli-darwin-arm64/-/cli-darwin-arm64-1.0.0-rc.2.tgz",
            "integrity": "sha512-89uj/ZWSttVTjaBgo+SQ2befBvuln6iwgLpntRiKdIEid7WgCc7rVnhhB/QOD/8thkEC/O0VMmEFfBBT4oZytQ==",
            "optional": true
        },
        "@tauri-apps/cli-darwin-x64": {
            "version": "1.0.0-rc.2",
            "resolved": "https://registry.npmjs.org/@tauri-apps/cli-darwin-x64/-/cli-darwin-x64-1.0.0-rc.2.tgz",
            "integrity": "sha512-hlhFE10uKz8OSXmdNKlKr8aEvp395BKgdjVJCQOHqvPqDkNyx52oDytANrzyKfXFFkGiNSPpnN1HYz3KViccrg==",
            "optional": true
        },
        "@tauri-apps/cli-linux-arm-gnueabihf": {
            "version": "1.0.0-rc.2",
            "resolved": "https://registry.npmjs.org/@tauri-apps/cli-linux-arm-gnueabihf/-/cli-linux-arm-gnueabihf-1.0.0-rc.2.tgz",
            "integrity": "sha512-Vfnn5l42GRtxkqKzdVOsrjINyhxF7Q+iBBlBE+ksk3m8GkyW8/9r4Mf6QU37VQ0NDG0JThRA7JWNVKWmYuwZpQ==",
            "optional": true
        },
        "@tauri-apps/cli-linux-arm64-gnu": {
            "version": "1.0.0-rc.2",
            "resolved": "https://registry.npmjs.org/@tauri-apps/cli-linux-arm64-gnu/-/cli-linux-arm64-gnu-1.0.0-rc.2.tgz",
            "integrity": "sha512-B3mvWr9BQPxJwIyIOgdeh5YOZv6qxEasSQ4uiFzQk3PkcC2YrvkArcWXeL3bFVREjrvBK1jqJSv0ldnQazMAXQ==",
            "optional": true
        },
        "@tauri-apps/cli-linux-arm64-musl": {
            "version": "1.0.0-rc.2",
            "resolved": "https://registry.npmjs.org/@tauri-apps/cli-linux-arm64-musl/-/cli-linux-arm64-musl-1.0.0-rc.2.tgz",
            "integrity": "sha512-L3O3XCobptHgIxTn+xVt42pyoLkQp8VRmopMe3TTo02lstTAtnqrkx3vp8ylwwpu/lgn9kCdFqCcnWBrqbRELA==",
            "optional": true
        },
        "@tauri-apps/cli-linux-x64-gnu": {
            "version": "1.0.0-rc.2",
            "resolved": "https://registry.npmjs.org/@tauri-apps/cli-linux-x64-gnu/-/cli-linux-x64-gnu-1.0.0-rc.2.tgz",
            "integrity": "sha512-M+nXuPimdLFXs+AE3yoF8C2lAkS+5i3JrABonFDsYg1ud81fJ/iRUks/FuOCrh0bmWPgsqCn1if3YzlcOqz7kw==",
            "optional": true
        },
        "@tauri-apps/cli-linux-x64-musl": {
            "version": "1.0.0-rc.2",
            "resolved": "https://registry.npmjs.org/@tauri-apps/cli-linux-x64-musl/-/cli-linux-x64-musl-1.0.0-rc.2.tgz",
            "integrity": "sha512-4cl2vaYiJhsNLEOAVLTeNEQLuJMxFydN1mtec9pQ2pkB7W3UCG0+xHe4GbX0JEK7Tl4EMxzuSLRAq8F9miNPXA==",
            "optional": true
        },
        "@tauri-apps/cli-win32-x64-msvc": {
            "version": "1.0.0-rc.2",
            "resolved": "https://registry.npmjs.org/@tauri-apps/cli-win32-x64-msvc/-/cli-win32-x64-msvc-1.0.0-rc.2.tgz",
            "integrity": "sha512-CWEe3x63DZwyipiYi5TsHFkjRsasuE/4dQgHSKGpURztQLQ3Ap6tcVaT74s9HRKuMUDO67d6d6ieFMNFjae6HQ==",
            "optional": true
        }
    }
}
